
Microsoft Visual Studio Solution File, Format Version 12.00
# Visual Studio 14
VisualStudioVersion = 14.0.25123.0
MinimumVisualStudioVersion = 10.0.40219.1
Project("{82AF3BA8-C874-4970-BA9E-71D7CAF21DB4}") = "Sitecore.Support.225713", "Sitecore.Support.225713\Sitecore.Support.225713.csproj", "{B3955DE6-9282-47A9-B0ED-3551CD144701}"
EndProject
Global
	GlobalSection(SolutionConfigurationPlatforms) = preSolution
		Debug|Any CPU = Debug|Any CPU
		Release|Any CPU = Release|Any CPU
	EndGlobalSection
	GlobalSection(ProjectConfigurationPlatforms) = postSolution
		{B3955DE6-9282-47A9-B0ED-3551CD144701}.Debug|Any CPU.ActiveCfg = Debug|Any CPU
		{B3955DE6-9282-47A9-B0ED-3551CD144701}.Debug|Any CPU.Build.0 = Debug|Any CPU
		{B3955DE6-9282-47A9-B0ED-3551CD144701}.Release|Any CPU.ActiveCfg = Release|Any CPU
		{B3955DE6-9282-47A9-B0ED-3551CD144701}.Release|Any CPU.Build.0 = Release|Any CPU
	EndGlobalSection
	GlobalSection(SolutionProperties) = preSolution
		HideSolutionNode = FALSE
	EndGlobalSection
EndGlobal
